// !$*UTF8*$!
{
	archiveVersion = 1;
	classes = {
	};
	objectVersion = 55;
	objects = {

/* Begin PBXBuildFile section */
		6C8164E9283A2F47003A8478 /* AppDelegate.swift in Sources */ = {isa = PBXBuildFile; fileRef = 6C8164E8283A2F47003A8478 /* AppDelegate.swift */; };
		6C8164EB283A2F47003A8478 /* SceneDelegate.swift in Sources */ = {isa = PBXBuildFile; fileRef = 6C8164EA283A2F47003A8478 /* SceneDelegate.swift */; };
		6C8164F0283A2F47003A8478 /* Main.storyboard in Resources */ = {isa = PBXBuildFile; fileRef = 6C8164EE283A2F47003A8478 /* Main.storyboard */; };
		6C8164F2283A2F4A003A8478 /* Assets.xcassets in Resources */ = {isa = PBXBuildFile; fileRef = 6C8164F1283A2F4A003A8478 /* Assets.xcassets */; };
		6C8164F5283A2F4A003A8478 /* LaunchScreen.storyboard in Resources */ = {isa = PBXBuildFile; fileRef = 6C8164F3283A2F4A003A8478 /* LaunchScreen.storyboard */; };
		6C8164FE283A2FDC003A8478 /* CourseDetailsViewController.swift in Sources */ = {isa = PBXBuildFile; fileRef = 6C8164FD283A2FDC003A8478 /* CourseDetailsViewController.swift */; };
		6C816500283A2FE5003A8478 /* CourseDetailsPresenter.swift in Sources */ = {isa = PBXBuildFile; fileRef = 6C8164FF283A2FE5003A8478 /* CourseDetailsPresenter.swift */; };
		6C816502283A2FED003A8478 /* CourseDetailsInteractor.swift in Sources */ = {isa = PBXBuildFile; fileRef = 6C816501283A2FED003A8478 /* CourseDetailsInteractor.swift */; };
		6C816504283A2FFE003A8478 /* CourseDetailsConfigurator.swift in Sources */ = {isa = PBXBuildFile; fileRef = 6C816503283A2FFE003A8478 /* CourseDetailsConfigurator.swift */; };
		6C816507283A30A2003A8478 /* Course.swift in Sources */ = {isa = PBXBuildFile; fileRef = 6C816506283A30A2003A8478 /* Course.swift */; };
		6C81650B283A3115003A8478 /* DataManager.swift in Sources */ = {isa = PBXBuildFile; fileRef = 6C81650A283A3115003A8478 /* DataManager.swift */; };
		6C81650D283A3137003A8478 /* ImageManager.swift in Sources */ = {isa = PBXBuildFile; fileRef = 6C81650C283A3137003A8478 /* ImageManager.swift */; };
		6C81650F283A3160003A8478 /* NetworkManager.swift in Sources */ = {isa = PBXBuildFile; fileRef = 6C81650E283A3160003A8478 /* NetworkManager.swift */; };
		6C816515283A3256003A8478 /* CourseTableViewCell.swift in Sources */ = {isa = PBXBuildFile; fileRef = 6C816514283A3256003A8478 /* CourseTableViewCell.swift */; };
		6C816518283A3365003A8478 /* CourseListViewController.swift in Sources */ = {isa = PBXBuildFile; fileRef = 6C816517283A3365003A8478 /* CourseListViewController.swift */; };
/* End PBXBuildFile section */

/* Begin PBXFileReference section */
		6C8164E5283A2F47003A8478 /* ViperTestTwo.app */ = {isa = PBXFileReference; explicitFileType = wrapper.application; includeInIndex = 0; path = ViperTestTwo.app; sourceTree = BUILT_PRODUCTS_DIR; };
		6C8164E8283A2F47003A8478 /* AppDelegate.swift */ = {isa = PBXFileReference; lastKnownFileType = sourcecode.swift; path = AppDelegate.swift; sourceTree = "<group>"; };
		6C8164EA283A2F47003A8478 /* SceneDelegate.swift */ = {isa = PBXFileReference; lastKnownFileType = sourcecode.swift; path = SceneDelegate.swift; sourceTree = "<group>"; };
		6C8164EF283A2F47003A8478 /* Base */ = {isa = PBXFileReference; lastKnownFileType = file.storyboard; name = Base; path = Base.lproj/Main.storyboard; sourceTree = "<group>"; };
		6C8164F1283A2F4A003A8478 /* Assets.xcassets */ = {isa = PBXFileReference; lastKnownFileType = folder.assetcatalog; path = Assets.xcassets; sourceTree = "<group>"; };
		6C8164F4283A2F4A003A8478 /* Base */ = {isa = PBXFileReference; lastKnownFileType = file.storyboard; name = Base; path = Base.lproj/LaunchScreen.storyboard; sourceTree = "<group>"; };
		6C8164F6283A2F4A003A8478 /* Info.plist */ = {isa = PBXFileReference; lastKnownFileType = text.plist.xml; path = Info.plist; sourceTree = "<group>"; };
		6C8164FD283A2FDC003A8478 /* CourseDetailsViewController.swift */ = {isa = PBXFileReference; lastKnownFileType = sourcecode.swift; path = CourseDetailsViewController.swift; sourceTree = "<group>"; };
		6C8164FF283A2FE5003A8478 /* CourseDetailsPresenter.swift */ = {isa = PBXFileReference; lastKnownFileType = sourcecode.swift; path = CourseDetailsPresenter.swift; sourceTree = "<group>"; };
		6C816501283A2FED003A8478 /* CourseDetailsInteractor.swift */ = {isa = PBXFileReference; lastKnownFileType = sourcecode.swift; path = CourseDetailsInteractor.swift; sourceTree = "<group>"; };
		6C816503283A2FFE003A8478 /* CourseDetailsConfigurator.swift */ = {isa = PBXFileReference; lastKnownFileType = sourcecode.swift; path = CourseDetailsConfigurator.swift; sourceTree = "<group>"; };
		6C816506283A30A2003A8478 /* Course.swift */ = {isa = PBXFileReference; lastKnownFileType = sourcecode.swift; path = Course.swift; sourceTree = "<group>"; };
		6C81650A283A3115003A8478 /* DataManager.swift */ = {isa = PBXFileReference; lastKnownFileType = sourcecode.swift; path = DataManager.swift; sourceTree = "<group>"; };
		6C81650C283A3137003A8478 /* ImageManager.swift */ = {isa = PBXFileReference; lastKnownFileType = sourcecode.swift; path = ImageManager.swift; sourceTree = "<group>"; };
		6C81650E283A3160003A8478 /* NetworkManager.swift */ = {isa = PBXFileReference; lastKnownFileType = sourcecode.swift; path = NetworkManager.swift; sourceTree = "<group>"; };
		6C816514283A3256003A8478 /* CourseTableViewCell.swift */ = {isa = PBXFileReference; lastKnownFileType = sourcecode.swift; path = CourseTableViewCell.swift; sourceTree = "<group>"; };
		6C816517283A3365003A8478 /* CourseListViewController.swift */ = {isa = PBXFileReference; lastKnownFileType = sourcecode.swift; path = CourseListViewController.swift; sourceTree = "<group>"; };
/* End PBXFileReference section */

/* Begin PBXFrameworksBuildPhase section */
		6C8164E2283A2F47003A8478 /* Frameworks */ = {
			isa = PBXFrameworksBuildPhase;
			buildActionMask = 2147483647;
			files = (
			);
			runOnlyForDeploymentPostprocessing = 0;
		};
/* End PBXFrameworksBuildPhase section */

/* Begin PBXGroup section */
		6C8164DC283A2F47003A8478 = {
			isa = PBXGroup;
			children = (
				6C8164E7283A2F47003A8478 /* ViperTestTwo */,
				6C8164E6283A2F47003A8478 /* Products */,
			);
			sourceTree = "<group>";
		};
		6C8164E6283A2F47003A8478 /* Products */ = {
			isa = PBXGroup;
			children = (
				6C8164E5283A2F47003A8478 /* ViperTestTwo.app */,
			);
			name = Products;
			sourceTree = "<group>";
		};
		6C8164E7283A2F47003A8478 /* ViperTestTwo */ = {
			isa = PBXGroup;
			children = (
				6C816516283A3356003A8478 /* ViewControllers */,
				6C8164FC283A2FC1003A8478 /* CourseDetails */,
				6C816505283A308E003A8478 /* Models */,
				6C816513283A3244003A8478 /* Views */,
				6C816509283A3107003A8478 /* Services */,
				6C816511283A3197003A8478 /* Storyboards */,
				6C816512283A31B8003A8478 /* SupportingFiles */,
				6C816508283A30BC003A8478 /* Resources */,
			);
			path = ViperTestTwo;
			sourceTree = "<group>";
		};
		6C8164FC283A2FC1003A8478 /* CourseDetails */ = {
			isa = PBXGroup;
			children = (
				6C8164FD283A2FDC003A8478 /* CourseDetailsViewController.swift */,
				6C8164FF283A2FE5003A8478 /* CourseDetailsPresenter.swift */,
				6C816501283A2FED003A8478 /* CourseDetailsInteractor.swift */,
				6C816503283A2FFE003A8478 /* CourseDetailsConfigurator.swift */,
			);
			path = CourseDetails;
			sourceTree = "<group>";
		};
		6C816505283A308E003A8478 /* Models */ = {
			isa = PBXGroup;
			children = (
				6C816506283A30A2003A8478 /* Course.swift */,
			);
			path = Models;
			sourceTree = "<group>";
		};
		6C816508283A30BC003A8478 /* Resources */ = {
			isa = PBXGroup;
			children = (
				6C8164F1283A2F4A003A8478 /* Assets.xcassets */,
			);
			path = Resources;
			sourceTree = "<group>";
		};
		6C816509283A3107003A8478 /* Services */ = {
			isa = PBXGroup;
			children = (
				6C81650A283A3115003A8478 /* DataManager.swift */,
				6C81650C283A3137003A8478 /* ImageManager.swift */,
				6C81650E283A3160003A8478 /* NetworkManager.swift */,
			);
			path = Services;
			sourceTree = "<group>";
		};
		6C816511283A3197003A8478 /* Storyboards */ = {
			isa = PBXGroup;
			children = (
				6C8164EE283A2F47003A8478 /* Main.storyboard */,
				6C8164F3283A2F4A003A8478 /* LaunchScreen.storyboard */,
			);
			path = Storyboards;
			sourceTree = "<group>";
		};
		6C816512283A31B8003A8478 /* SupportingFiles */ = {
			isa = PBXGroup;
			children = (
				6C8164E8283A2F47003A8478 /* AppDelegate.swift */,
				6C8164EA283A2F47003A8478 /* SceneDelegate.swift */,
				6C8164F6283A2F4A003A8478 /* Info.plist */,
			);
			path = SupportingFiles;
			sourceTree = "<group>";
		};
		6C816513283A3244003A8478 /* Views */ = {
			isa = PBXGroup;
			children = (
				6C816514283A3256003A8478 /* CourseTableViewCell.swift */,
			);
			path = Views;
			sourceTree = "<group>";
		};
		6C816516283A3356003A8478 /* ViewControllers */ = {
			isa = PBXGroup;
			children = (
				6C816517283A3365003A8478 /* CourseListViewController.swift */,
			);
			path = ViewControllers;
			sourceTree = "<group>";
		};
/* End PBXGroup section */

/* Begin PBXNativeTarget section */
		6C8164E4283A2F47003A8478 /* ViperTestTwo */ = {
			isa = PBXNativeTarget;
			buildConfigurationList = 6C8164F9283A2F4A003A8478 /* Build configuration list for PBXNativeTarget "ViperTestTwo" */;
			buildPhases = (
				6C8164E1283A2F47003A8478 /* Sources */,
				6C8164E2283A2F47003A8478 /* Frameworks */,
				6C8164E3283A2F47003A8478 /* Resources */,
			);
			buildRules = (
			);
			dependencies = (
			);
			name = ViperTestTwo;
			productName = ViperTestTwo;
			productReference = 6C8164E5283A2F47003A8478 /* ViperTestTwo.app */;
			productType = "com.apple.product-type.application";
		};
/* End PBXNativeTarget section */

/* Begin PBXProject section */
		6C8164DD283A2F47003A8478 /* Project object */ = {
			isa = PBXProject;
			attributes = {
				BuildIndependentTargetsInParallel = 1;
				LastSwiftUpdateCheck = 1320;
				LastUpgradeCheck = 1320;
				TargetAttributes = {
					6C8164E4283A2F47003A8478 = {
						CreatedOnToolsVersion = 13.2.1;
					};
				};
			};
			buildConfigurationList = 6C8164E0283A2F47003A8478 /* Build configuration list for PBXProject "ViperTestTwo" */;
			compatibilityVersion = "Xcode 13.0";
			developmentRegion = en;
			hasScannedForEncodings = 0;
			knownRegions = (
				en,
				Base,
			);
			mainGroup = 6C8164DC283A2F47003A8478;
			productRefGroup = 6C8164E6283A2F47003A8478 /* Products */;
			projectDirPath = "";
			projectRoot = "";
			targets = (
				6C8164E4283A2F47003A8478 /* ViperTestTwo */,
			);
		};
/* End PBXProject section */

/* Begin PBXResourcesBuildPhase section */
		6C8164E3283A2F47003A8478 /* Resources */ = {
			isa = PBXResourcesBuildPhase;
			buildActionMask = 2147483647;
			files = (
				6C8164F5283A2F4A003A8478 /* LaunchScreen.storyboard in Resources */,
				6C8164F2283A2F4A003A8478 /* Assets.xcassets in Resources */,
				6C8164F0283A2F47003A8478 /* Main.storyboard in Resources */,
			);
			runOnlyForDeploymentPostprocessing = 0;
		};
/* End PBXResourcesBuildPhase section */

/* Begin PBXSourcesBuildPhase section */
		6C8164E1283A2F47003A8478 /* Sources */ = {
			isa = PBXSourcesBuildPhase;
			buildActionMask = 2147483647;
			files = (
				6C816504283A2FFE003A8478 /* CourseDetailsConfigurator.swift in Sources */,
				6C81650B283A3115003A8478 /* DataManager.swift in Sources */,
				6C81650F283A3160003A8478 /* NetworkManager.swift in Sources */,
				6C816507283A30A2003A8478 /* Course.swift in Sources */,
				6C81650D283A3137003A8478 /* ImageManager.swift in Sources */,
				6C816518283A3365003A8478 /* CourseListViewController.swift in Sources */,
				6C8164E9283A2F47003A8478 /* AppDelegate.swift in Sources */,
				6C8164FE283A2FDC003A8478 /* CourseDetailsViewController.swift in Sources */,
				6C816500283A2FE5003A8478 /* CourseDetailsPresenter.swift in Sources */,
				6C816502283A2FED003A8478 /* CourseDetailsInteractor.swift in Sources */,
				6C8164EB283A2F47003A8478 /* SceneDelegate.swift in Sources */,
				6C816515283A3256003A8478 /* CourseTableViewCell.swift in Sources */,
			);
			runOnlyForDeploymentPostprocessing = 0;
		};
/* End PBXSourcesBuildPhase section */

/* Begin PBXVariantGroup section */
		6C8164EE283A2F47003A8478 /* Main.storyboard */ = {
			isa = PBXVariantGroup;
			children = (
				6C8164EF283A2F47003A8478 /* Base */,
			);
			name = Main.storyboard;
			sourceTree = "<group>";
		};
		6C8164F3283A2F4A003A8478 /* LaunchScreen.storyboard */ = {
			isa = PBXVariantGroup;
			children = (
				6C8164F4283A2F4A003A8478 /* Base */,
			);
			name = LaunchScreen.storyboard;
			sourceTree = "<group>";
		};
/* End PBXVariantGroup section */

/* Begin XCBuildConfiguration section */
		6C8164F7283A2F4A003A8478 /* Debug */ = {
			isa = XCBuildConfiguration;
			buildSettings = {
				ALWAYS_SEARCH_USER_PATHS = NO;
				CLANG_ANALYZER_NONNULL = YES;
				CLANG_ANALYZER_NUMBER_OBJECT_CONVERSION = YES_AGGRESSIVE;
				CLANG_CXX_LANGUAGE_STANDARD = "gnu++17";
				CLANG_CXX_LIBRARY = "libc++";
				CLANG_ENABLE_MODULES = YES;
				CLANG_ENABLE_OBJC_ARC = YES;
				CLANG_ENABLE_OBJC_WEAK = YES;
				CLANG_WARN_BLOCK_CAPTURE_AUTORELEASING = YES;
				CLANG_WARN_BOOL_CONVERSION = YES;
				CLANG_WARN_COMMA = YES;
				CLANG_WARN_CONSTANT_CONVERSION = YES;
				CLANG_WARN_DEPRECATED_OBJC_IMPLEMENTATIONS = YES;
				CLANG_WARN_DIRECT_OBJC_ISA_USAGE = YES_ERROR;
				CLANG_WARN_DOCUMENTATION_COMMENTS = YES;
				CLANG_WARN_EMPTY_BODY = YES;
				CLANG_WARN_ENUM_CONVERSION = YES;
				CLANG_WARN_INFINITE_RECURSION = YES;
				CLANG_WARN_INT_CONVERSION = YES;
				CLANG_WARN_NON_LITERAL_NULL_CONVERSION = YES;
				CLANG_WARN_OBJC_IMPLICIT_RETAIN_SELF = YES;
				CLANG_WARN_OBJC_LITERAL_CONVERSION = YES;
				CLANG_WARN_OBJC_ROOT_CLASS = YES_ERROR;
				CLANG_WARN_QUOTED_INCLUDE_IN_FRAMEWORK_HEADER = YES;
				CLANG_WARN_RANGE_LOOP_ANALYSIS = YES;
				CLANG_WARN_STRICT_PROTOTYPES = YES;
				CLANG_WARN_SUSPICIOUS_MOVE = YES;
				CLANG_WARN_UNGUARDED_AVAILABILITY = YES_AGGRESSIVE;
				CLANG_WARN_UNREACHABLE_CODE = YES;
				CLANG_WARN__DUPLICATE_METHOD_MATCH = YES;
				COPY_PHASE_STRIP = NO;
				DEBUG_INFORMATION_FORMAT = dwarf;
				ENABLE_STRICT_OBJC_MSGSEND = YES;
				ENABLE_TESTABILITY = YES;
				GCC_C_LANGUAGE_STANDARD = gnu11;
				GCC_DYNAMIC_NO_PIC = NO;
				GCC_NO_COMMON_BLOCKS = YES;
				GCC_OPTIMIZATION_LEVEL = 0;
				GCC_PREPROCESSOR_DEFINITIONS = (
					"DEBUG=1",
					"$(inherited)",
				);
				GCC_WARN_64_TO_32_BIT_CONVERSION = YES;
				GCC_WARN_ABOUT_RETURN_TYPE = YES_ERROR;
				GCC_WARN_UNDECLARED_SELECTOR = YES;
				GCC_WARN_UNINITIALIZED_AUTOS = YES_AGGRESSIVE;
				GCC_WARN_UNUSED_FUNCTION = YES;
				GCC_WARN_UNUSED_VARIABLE = YES;
				IPHONEOS_DEPLOYMENT_TARGET = 15.2;
				MTL_ENABLE_DEBUG_INFO = INCLUDE_SOURCE;
				MTL_FAST_MATH = YES;
				ONLY_ACTIVE_ARCH = YES;
				SDKROOT = iphoneos;
				SWIFT_ACTIVE_COMPILATION_CONDITIONS = DEBUG;
				SWIFT_OPTIMIZATION_LEVEL = "-Onone";
			};
			name = Debug;
		};
		6C8164F8283A2F4A003A8478 /* Release */ = {
			isa = XCBuildConfiguration;
			buildSettings = {
				ALWAYS_SEARCH_USER_PATHS = NO;
				CLANG_ANALYZER_NONNULL = YES;
				CLANG_ANALYZER_NUMBER_OBJECT_CONVERSION = YES_AGGRESSIVE;
				CLANG_CXX_LANGUAGE_STANDARD = "gnu++17";
				CLANG_CXX_LIBRARY = "libc++";
				CLANG_ENABLE_MODULES = YES;
				CLANG_ENABLE_OBJC_ARC = YES;
				CLANG_ENABLE_OBJC_WEAK = YES;
				CLANG_WARN_BLOCK_CAPTURE_AUTORELEASING = YES;
				CLANG_WARN_BOOL_CONVERSION = YES;
				CLANG_WARN_COMMA = YES;
				CLANG_WARN_CONSTANT_CONVERSION = YES;
				CLANG_WARN_DEPRECATED_OBJC_IMPLEMENTATIONS = YES;
				CLANG_WARN_DIRECT_OBJC_ISA_USAGE = YES_ERROR;
				CLANG_WARN_DOCUMENTATION_COMMENTS = YES;
				CLANG_WARN_EMPTY_BODY = YES;
				CLANG_WARN_ENUM_CONVERSION = YES;
				CLANG_WARN_INFINITE_RECURSION = YES;
				CLANG_WARN_INT_CONVERSION = YES;
				CLANG_WARN_NON_LITERAL_NULL_CONVERSION = YES;
				CLANG_WARN_OBJC_IMPLICIT_RETAIN_SELF = YES;
				CLANG_WARN_OBJC_LITERAL_CONVERSION = YES;
				CLANG_WARN_OBJC_ROOT_CLASS = YES_ERROR;
				CLANG_WARN_QUOTED_INCLUDE_IN_FRAMEWORK_HEADER = YES;
				CLANG_WARN_RANGE_LOOP_ANALYSIS = YES;
				CLANG_WARN_STRICT_PROTOTYPES = YES;
				CLANG_WARN_SUSPICIOUS_MOVE = YES;
				CLANG_WARN_UNGUARDED_AVAILABILITY = YES_AGGRESSIVE;
				CLANG_WARN_UNREACHABLE_CODE = YES;
				CLANG_WARN__DUPLICATE_METHOD_MATCH = YES;
				COPY_PHASE_STRIP = NO;
				DEBUG_INFORMATION_FORMAT = "dwarf-with-dsym";
				ENABLE_NS_ASSERTIONS = NO;
				ENABLE_STRICT_OBJC_MSGSEND = YES;
				GCC_C_LANGUAGE_STANDARD = gnu11;
				GCC_NO_COMMON_BLOCKS = YES;
				GCC_WARN_64_TO_32_BIT_CONVERSION = YES;
				GCC_WARN_ABOUT_RETURN_TYPE = YES_ERROR;
				GCC_WARN_UNDECLARED_SELECTOR = YES;
				GCC_WARN_UNINITIALIZED_AUTOS = YES_AGGRESSIVE;
				GCC_WARN_UNUSED_FUNCTION = YES;
				GCC_WARN_UNUSED_VARIABLE = YES;
				IPHONEOS_DEPLOYMENT_TARGET = 15.2;
				MTL_ENABLE_DEBUG_INFO = NO;
				MTL_FAST_MATH = YES;
				SDKROOT = iphoneos;
				SWIFT_COMPILATION_MODE = wholemodule;
				SWIFT_OPTIMIZATION_LEVEL = "-O";
				VALIDATE_PRODUCT = YES;
			};
			name = Release;
		};
		6C8164FA283A2F4A003A8478 /* Debug */ = {
			isa = XCBuildConfiguration;
			buildSettings = {
				ASSETCATALOG_COMPILER_APPICON_NAME = AppIcon;
				ASSETCATALOG_COMPILER_GLOBAL_ACCENT_COLOR_NAME = AccentColor;
				CODE_SIGN_STYLE = Automatic;
				CURRENT_PROJECT_VERSION = 1;
				DEVELOPMENT_TEAM = MAMAND5R9P;
				GENERATE_INFOPLIST_FILE = YES;
				INFOPLIST_FILE = ViperTestTwo/SupportingFiles/Info.plist;
				INFOPLIST_KEY_UIApplicationSupportsIndirectInputEvents = YES;
				INFOPLIST_KEY_UILaunchStoryboardName = LaunchScreen;
				INFOPLIST_KEY_UIMainStoryboardFile = Main;
				INFOPLIST_KEY_UISupportedInterfaceOrientations_iPad = "UIInterfaceOrientationPortrait UIInterfaceOrientationPortraitUpsideDown UIInterfaceOrientationLandscapeLeft UIInterfaceOrientationLandscapeRight";
				INFOPLIST_KEY_UISupportedInterfaceOrientations_iPhone = "UIInterfaceOrientationPortrait UIInterfaceOrientationLandscapeLeft UIInterfaceOrientationLandscapeRight";
				LD_RUNPATH_SEARCH_PATHS = (
					"$(inherited)",
					"@executable_path/Frameworks",
				);
				MARKETING_VERSION = 1.0;
				PRODUCT_BUNDLE_IDENTIFIER = AlexeyRadomskiy.ViperTestTwo;
				PRODUCT_NAME = "$(TARGET_NAME)";
				SWIFT_EMIT_LOC_STRINGS = YES;
				SWIFT_VERSION = 5.0;
				TARGETED_DEVICE_FAMILY = "1,2";
			};
			name = Debug;
		};
		6C8164FB283A2F4A003A8478 /* Release */ = {
			isa = XCBuildConfiguration;
			buildSettings = {
				ASSETCATALOG_COMPILER_APPICON_NAME = AppIcon;
				ASSETCATALOG_COMPILER_GLOBAL_ACCENT_COLOR_NAME = AccentColor;
				CODE_SIGN_STYLE = Automatic;
				CURRENT_PROJECT_VERSION = 1;
				DEVELOPMENT_TEAM = MAMAND5R9P;
				GENERATE_INFOPLIST_FILE = YES;
				INFOPLIST_FILE = ViperTestTwo/SupportingFiles/Info.plist;
				INFOPLIST_KEY_UIApplicationSupportsIndirectInputEvents = YES;
				INFOPLIST_KEY_UILaunchStoryboardName = LaunchScreen;
				INFOPLIST_KEY_UIMainStoryboardFile = Main;
				INFOPLIST_KEY_UISupportedInterfaceOrientations_iPad = "UIInterfaceOrientationPortrait UIInterfaceOrientationPortraitUpsideDown UIInterfaceOrientationLandscapeLeft UIInterfaceOrientationLandscapeRight";
				INFOPLIST_KEY_UISupportedInterfaceOrientations_iPhone = "UIInterfaceOrientationPortrait UIInterfaceOrientationLandscapeLeft UIInterfaceOrientationLandscapeRight";
				LD_RUNPATH_SEARCH_PATHS = (
					"$(inherited)",
					"@executable_path/Frameworks",
				);
				MARKETING_VERSION = 1.0;
				PRODUCT_BUNDLE_IDENTIFIER = AlexeyRadomskiy.ViperTestTwo;
				PRODUCT_NAME = "$(TARGET_NAME)";
				SWIFT_EMIT_LOC_STRINGS = YES;
				SWIFT_VERSION = 5.0;
				TARGETED_DEVICE_FAMILY = "1,2";
			};
			name = Release;
		};
/* End XCBuildConfiguration section */

/* Begin XCConfigurationList section */
		6C8164E0283A2F47003A8478 /* Build configuration list for PBXProject "ViperTestTwo" */ = {
			isa = XCConfigurationList;
			buildConfigurations = (
				6C8164F7283A2F4A003A8478 /* Debug */,
				6C8164F8283A2F4A003A8478 /* Release */,
			);
			defaultConfigurationIsVisible = 0;
			defaultConfigurationName = Release;
		};
		6C8164F9283A2F4A003A8478 /* Build configuration list for PBXNativeTarget "ViperTestTwo" */ = {
			isa = XCConfigurationList;
			buildConfigurations = (
				6C8164FA283A2F4A003A8478 /* Debug */,
				6C8164FB283A2F4A003A8478 /* Release */,
			);
			defaultConfigurationIsVisible = 0;
			defaultConfigurationName = Release;
		};
/* End XCConfigurationList section */
	};
	rootObject = 6C8164DD283A2F47003A8478 /* Project object */;
}
